
Microsoft Visual Studio Solution File, Format Version 12.00
# Visual Studio 15
Project("{FAE04EC0-301F-11D3-BF4B-00C04F79EFBC}") = "AppDuolingoClone.Android", "AppDuolingoClone.Android\AppDuolingoClone.Android.csproj", "{DD9BA514-0A7D-47B7-9233-81B50A5F83E9}"
EndProject
Project("{FAE04EC0-301F-11D3-BF4B-00C04F79EFBC}") = "AppDuolingoClone.iOS", "AppDuolingoClone.iOS\AppDuolingoClone.iOS.csproj", "{0AF39808-3357-4992-B579-568BE6D82F71}"
EndProject
Project("{FAE04EC0-301F-11D3-BF4B-00C04F79EFBC}") = "AppDuolingoClone", "AppDuolingoClone\AppDuolingoClone.csproj", "{3CFF661C-F0EE-438A-8483-D8AECD17511D}"
EndProject
Global
	GlobalSection(SolutionConfigurationPlatforms) = preSolution
		Debug|Any CPU = Debug|Any CPU
		Release|Any CPU = Release|Any CPU
		Debug|iPhoneSimulator = Debug|iPhoneSimulator
		Release|iPhoneSimulator = Release|iPhoneSimulator
		Debug|iPhone = Debug|iPhone
		Release|iPhone = Release|iPhone
	EndGlobalSection
	GlobalSection(ProjectConfigurationPlatforms) = postSolution
		{DD9BA514-0A7D-47B7-9233-81B50A5F83E9}.Debug|Any CPU.ActiveCfg = Debug|Any CPU
		{DD9BA514-0A7D-47B7-9233-81B50A5F83E9}.Debug|Any CPU.Build.0 = Debug|Any CPU
		{DD9BA514-0A7D-47B7-9233-81B50A5F83E9}.Release|Any CPU.ActiveCfg = Release|Any CPU
		{DD9BA514-0A7D-47B7-9233-81B50A5F83E9}.Release|Any CPU.Build.0 = Release|Any CPU
		{DD9BA514-0A7D-47B7-9233-81B50A5F83E9}.Debug|iPhoneSimulator.ActiveCfg = Debug|Any CPU
		{DD9BA514-0A7D-47B7-9233-81B50A5F83E9}.Debug|iPhoneSimulator.Build.0 = Debug|Any CPU
		{DD9BA514-0A7D-47B7-9233-81B50A5F83E9}.Release|iPhoneSimulator.ActiveCfg = Release|Any CPU
		{DD9BA514-0A7D-47B7-9233-81B50A5F83E9}.Release|iPhoneSimulator.Build.0 = Release|Any CPU
		{DD9BA514-0A7D-47B7-9233-81B50A5F83E9}.Debug|iPhone.ActiveCfg = Debug|Any CPU
		{DD9BA514-0A7D-47B7-9233-81B50A5F83E9}.Debug|iPhone.Build.0 = Debug|Any CPU
		{DD9BA514-0A7D-47B7-9233-81B50A5F83E9}.Release|iPhone.ActiveCfg = Release|Any CPU
		{DD9BA514-0A7D-47B7-9233-81B50A5F83E9}.Release|iPhone.Build.0 = Release|Any CPU
		{0AF39808-3357-4992-B579-568BE6D82F71}.Debug|Any CPU.ActiveCfg = Debug|iPhoneSimulator
		{0AF39808-3357-4992-B579-568BE6D82F71}.Debug|Any CPU.Build.0 = Debug|iPhoneSimulator
		{0AF39808-3357-4992-B579-568BE6D82F71}.Release|Any CPU.ActiveCfg = Release|iPhoneSimulator
		{0AF39808-3357-4992-B579-568BE6D82F71}.Release|Any CPU.Build.0 = Release|iPhoneSimulator
		{0AF39808-3357-4992-B579-568BE6D82F71}.Debug|iPhoneSimulator.ActiveCfg = Debug|iPhoneSimulator
		{0AF39808-3357-4992-B579-568BE6D82F71}.Debug|iPhoneSimulator.Build.0 = Debug|iPhoneSimulator
		{0AF39808-3357-4992-B579-568BE6D82F71}.Release|iPhoneSimulator.ActiveCfg = Release|iPhoneSimulator
		{0AF39808-3357-4992-B579-568BE6D82F71}.Release|iPhoneSimulator.Build.0 = Release|iPhoneSimulator
		{0AF39808-3357-4992-B579-568BE6D82F71}.Debug|iPhone.ActiveCfg = Debug|iPhone
		{0AF39808-3357-4992-B579-568BE6D82F71}.Debug|iPhone.Build.0 = Debug|iPhone
		{0AF39808-3357-4992-B579-568BE6D82F71}.Release|iPhone.ActiveCfg = Release|iPhone
		{0AF39808-3357-4992-B579-568BE6D82F71}.Release|iPhone.Build.0 = Release|iPhone
		{3CFF661C-F0EE-438A-8483-D8AECD17511D}.Debug|Any CPU.ActiveCfg = Debug|Any CPU
		{3CFF661C-F0EE-438A-8483-D8AECD17511D}.Debug|Any CPU.Build.0 = Debug|Any CPU
		{3CFF661C-F0EE-438A-8483-D8AECD17511D}.Release|Any CPU.ActiveCfg = Release|Any CPU
		{3CFF661C-F0EE-438A-8483-D8AECD17511D}.Release|Any CPU.Build.0 = Release|Any CPU
		{3CFF661C-F0EE-438A-8483-D8AECD17511D}.Debug|iPhoneSimulator.ActiveCfg = Debug|Any CPU
		{3CFF661C-F0EE-438A-8483-D8AECD17511D}.Debug|iPhoneSimulator.Build.0 = Debug|Any CPU
		{3CFF661C-F0EE-438A-8483-D8AECD17511D}.Release|iPhoneSimulator.ActiveCfg = Release|Any CPU
		{3CFF661C-F0EE-438A-8483-D8AECD17511D}.Release|iPhoneSimulator.Build.0 = Release|Any CPU
		{3CFF661C-F0EE-438A-8483-D8AECD17511D}.Debug|iPhone.ActiveCfg = Debug|Any CPU
		{3CFF661C-F0EE-438A-8483-D8AECD17511D}.Debug|iPhone.Build.0 = Debug|Any CPU
		{3CFF661C-F0EE-438A-8483-D8AECD17511D}.Release|iPhone.ActiveCfg = Release|Any CPU
		{3CFF661C-F0EE-438A-8483-D8AECD17511D}.Release|iPhone.Build.0 = Release|Any CPU
	EndGlobalSection
EndGlobal
